// !$*UTF8*$!
{
	archiveVersion = 1;
	classes = {
	};
	objectVersion = 48;
	objects = {

/* Begin PBXBuildFile section */
		F111DE971FFD76DE00AC16D9 /* EntriesTableViewController.swift in Sources */ = {isa = PBXBuildFile; fileRef = F111DE961FFD76DE00AC16D9 /* EntriesTableViewController.swift */; };
		F111DE9A1FFD77B700AC16D9 /* EntryTableViewCell.swift in Sources */ = {isa = PBXBuildFile; fileRef = F111DE981FFD77B700AC16D9 /* EntryTableViewCell.swift */; };
		F111DE9B1FFD77B700AC16D9 /* EntryTableViewCell.xib in Resources */ = {isa = PBXBuildFile; fileRef = F111DE991FFD77B700AC16D9 /* EntryTableViewCell.xib */; };
		F15AD4221FFCDC4A00C6428A /* AppDelegate.swift in Sources */ = {isa = PBXBuildFile; fileRef = F15AD4211FFCDC4A00C6428A /* AppDelegate.swift */; };
		F15AD4271FFCDC4A00C6428A /* Main.storyboard in Resources */ = {isa = PBXBuildFile; fileRef = F15AD4251FFCDC4A00C6428A /* Main.storyboard */; };
		F15AD4291FFCDC4A00C6428A /* Assets.xcassets in Resources */ = {isa = PBXBuildFile; fileRef = F15AD4281FFCDC4A00C6428A /* Assets.xcassets */; };
		F15AD42C1FFCDC4A00C6428A /* LaunchScreen.storyboard in Resources */ = {isa = PBXBuildFile; fileRef = F15AD42A1FFCDC4A00C6428A /* LaunchScreen.storyboard */; };
		F15AD4341FFCE62000C6428A /* FurnacesTableViewController.swift in Sources */ = {isa = PBXBuildFile; fileRef = F15AD4331FFCE62000C6428A /* FurnacesTableViewController.swift */; };
		F15AD43A1FFCE66400C6428A /* FurnaceTableViewCell.swift in Sources */ = {isa = PBXBuildFile; fileRef = F15AD4381FFCE66400C6428A /* FurnaceTableViewCell.swift */; };
		F15AD43B1FFCE66400C6428A /* FurnaceTableViewCell.xib in Resources */ = {isa = PBXBuildFile; fileRef = F15AD4391FFCE66400C6428A /* FurnaceTableViewCell.xib */; };
		F15AD43D1FFCE8C000C6428A /* Constants.swift in Sources */ = {isa = PBXBuildFile; fileRef = F15AD43C1FFCE8C000C6428A /* Constants.swift */; };
		F15AD4451FFCF06D00C6428A /* FurnaceStore.swift in Sources */ = {isa = PBXBuildFile; fileRef = F15AD4441FFCF06D00C6428A /* FurnaceStore.swift */; };
		F15AD4691FFD03F400C6428A /* MetalFurnaceApp.xcdatamodeld in Sources */ = {isa = PBXBuildFile; fileRef = F15AD4671FFD03F400C6428A /* MetalFurnaceApp.xcdatamodeld */; };
		F15AD46B1FFD11A500C6428A /* Entry.swift in Sources */ = {isa = PBXBuildFile; fileRef = F15AD46A1FFD11A500C6428A /* Entry.swift */; };
		F1675EFA1FFE22AD00A66DEE /* EntriesTableViewHeader.xib in Resources */ = {isa = PBXBuildFile; fileRef = F1675EF91FFE22AD00A66DEE /* EntriesTableViewHeader.xib */; };
		F1675EFC1FFE22CD00A66DEE /* EntriesTableViewHeader.swift in Sources */ = {isa = PBXBuildFile; fileRef = F1675EFB1FFE22CD00A66DEE /* EntriesTableViewHeader.swift */; };
		F1675EFE1FFE23C600A66DEE /* Extensions.swift in Sources */ = {isa = PBXBuildFile; fileRef = F1675EFD1FFE23C600A66DEE /* Extensions.swift */; };
		F1675F001FFE31C100A66DEE /* ScrapsTableViewController.swift in Sources */ = {isa = PBXBuildFile; fileRef = F1675EFF1FFE31C100A66DEE /* ScrapsTableViewController.swift */; };
/* End PBXBuildFile section */

/* Begin PBXFileReference section */
		F111DE961FFD76DE00AC16D9 /* EntriesTableViewController.swift */ = {isa = PBXFileReference; lastKnownFileType = sourcecode.swift; path = EntriesTableViewController.swift; sourceTree = "<group>"; };
		F111DE981FFD77B700AC16D9 /* EntryTableViewCell.swift */ = {isa = PBXFileReference; lastKnownFileType = sourcecode.swift; path = EntryTableViewCell.swift; sourceTree = "<group>"; };
		F111DE991FFD77B700AC16D9 /* EntryTableViewCell.xib */ = {isa = PBXFileReference; lastKnownFileType = file.xib; path = EntryTableViewCell.xib; sourceTree = "<group>"; };
		F15AD41E1FFCDC4A00C6428A /* MetalFurnaceApp.app */ = {isa = PBXFileReference; explicitFileType = wrapper.application; includeInIndex = 0; path = MetalFurnaceApp.app; sourceTree = BUILT_PRODUCTS_DIR; };
		F15AD4211FFCDC4A00C6428A /* AppDelegate.swift */ = {isa = PBXFileReference; lastKnownFileType = sourcecode.swift; path = AppDelegate.swift; sourceTree = "<group>"; };
		F15AD4261FFCDC4A00C6428A /* Base */ = {isa = PBXFileReference; lastKnownFileType = file.storyboard; name = Base; path = Base.lproj/Main.storyboard; sourceTree = "<group>"; };
		F15AD4281FFCDC4A00C6428A /* Assets.xcassets */ = {isa = PBXFileReference; lastKnownFileType = folder.assetcatalog; path = Assets.xcassets; sourceTree = "<group>"; };
		F15AD42B1FFCDC4A00C6428A /* Base */ = {isa = PBXFileReference; lastKnownFileType = file.storyboard; name = Base; path = Base.lproj/LaunchScreen.storyboard; sourceTree = "<group>"; };
		F15AD42D1FFCDC4A00C6428A /* Info.plist */ = {isa = PBXFileReference; lastKnownFileType = text.plist.xml; path = Info.plist; sourceTree = "<group>"; };
		F15AD4331FFCE62000C6428A /* FurnacesTableViewController.swift */ = {isa = PBXFileReference; lastKnownFileType = sourcecode.swift; path = FurnacesTableViewController.swift; sourceTree = "<group>"; };
		F15AD4381FFCE66400C6428A /* FurnaceTableViewCell.swift */ = {isa = PBXFileReference; lastKnownFileType = sourcecode.swift; path = FurnaceTableViewCell.swift; sourceTree = "<group>"; };
		F15AD4391FFCE66400C6428A /* FurnaceTableViewCell.xib */ = {isa = PBXFileReference; lastKnownFileType = file.xib; path = FurnaceTableViewCell.xib; sourceTree = "<group>"; };
		F15AD43C1FFCE8C000C6428A /* Constants.swift */ = {isa = PBXFileReference; lastKnownFileType = sourcecode.swift; path = Constants.swift; sourceTree = "<group>"; };
		F15AD4441FFCF06D00C6428A /* FurnaceStore.swift */ = {isa = PBXFileReference; lastKnownFileType = sourcecode.swift; path = FurnaceStore.swift; sourceTree = "<group>"; };
		F15AD4681FFD03F400C6428A /* MetalFurnaceApp.xcdatamodel */ = {isa = PBXFileReference; lastKnownFileType = wrapper.xcdatamodel; path = MetalFurnaceApp.xcdatamodel; sourceTree = "<group>"; };
		F15AD46A1FFD11A500C6428A /* Entry.swift */ = {isa = PBXFileReference; lastKnownFileType = sourcecode.swift; path = Entry.swift; sourceTree = "<group>"; };
		F1675EF91FFE22AD00A66DEE /* EntriesTableViewHeader.xib */ = {isa = PBXFileReference; lastKnownFileType = file.xib; path = EntriesTableViewHeader.xib; sourceTree = "<group>"; };
		F1675EFB1FFE22CD00A66DEE /* EntriesTableViewHeader.swift */ = {isa = PBXFileReference; lastKnownFileType = sourcecode.swift; path = EntriesTableViewHeader.swift; sourceTree = "<group>"; };
		F1675EFD1FFE23C600A66DEE /* Extensions.swift */ = {isa = PBXFileReference; lastKnownFileType = sourcecode.swift; path = Extensions.swift; sourceTree = "<group>"; };
		F1675EFF1FFE31C100A66DEE /* ScrapsTableViewController.swift */ = {isa = PBXFileReference; lastKnownFileType = sourcecode.swift; path = ScrapsTableViewController.swift; sourceTree = "<group>"; };
/* End PBXFileReference section */

/* Begin PBXFrameworksBuildPhase section */
		F15AD41B1FFCDC4A00C6428A /* Frameworks */ = {
			isa = PBXFrameworksBuildPhase;
			buildActionMask = 2147483647;
			files = (
			);
			runOnlyForDeploymentPostprocessing = 0;
		};
/* End PBXFrameworksBuildPhase section */

/* Begin PBXGroup section */
		F15AD4151FFCDC4A00C6428A = {
			isa = PBXGroup;
			children = (
				F15AD4201FFCDC4A00C6428A /* MetalFurnaceApp */,
				F15AD41F1FFCDC4A00C6428A /* Products */,
			);
			sourceTree = "<group>";
		};
		F15AD41F1FFCDC4A00C6428A /* Products */ = {
			isa = PBXGroup;
			children = (
				F15AD41E1FFCDC4A00C6428A /* MetalFurnaceApp.app */,
			);
			name = Products;
			sourceTree = "<group>";
		};
		F15AD4201FFCDC4A00C6428A /* MetalFurnaceApp */ = {
			isa = PBXGroup;
			children = (
				F15AD4431FFCF05600C6428A /* Stores */,
				F15AD43E1FFCEC2000C6428A /* Models */,
				F15AD4361FFCE63A00C6428A /* Views */,
				F15AD4351FFCE62E00C6428A /* ViewControllers */,
				F15AD4211FFCDC4A00C6428A /* AppDelegate.swift */,
				F15AD4251FFCDC4A00C6428A /* Main.storyboard */,
				F15AD4281FFCDC4A00C6428A /* Assets.xcassets */,
				F15AD42A1FFCDC4A00C6428A /* LaunchScreen.storyboard */,
				F15AD42D1FFCDC4A00C6428A /* Info.plist */,
				F15AD43C1FFCE8C000C6428A /* Constants.swift */,
				F1675EFD1FFE23C600A66DEE /* Extensions.swift */,
				F15AD4671FFD03F400C6428A /* MetalFurnaceApp.xcdatamodeld */,
			);
			path = MetalFurnaceApp;
			sourceTree = "<group>";
		};
		F15AD4351FFCE62E00C6428A /* ViewControllers */ = {
			isa = PBXGroup;
			children = (
				F15AD4331FFCE62000C6428A /* FurnacesTableViewController.swift */,
				F111DE961FFD76DE00AC16D9 /* EntriesTableViewController.swift */,
				F1675EFF1FFE31C100A66DEE /* ScrapsTableViewController.swift */,
			);
			path = ViewControllers;
			sourceTree = "<group>";
		};
		F15AD4361FFCE63A00C6428A /* Views */ = {
			isa = PBXGroup;
			children = (
				F1675EF81FFE227E00A66DEE /* TableViewHeaders */,
				F15AD4371FFCE64B00C6428A /* TableViewCells */,
			);
			path = Views;
			sourceTree = "<group>";
		};
		F15AD4371FFCE64B00C6428A /* TableViewCells */ = {
			isa = PBXGroup;
			children = (
				F15AD4381FFCE66400C6428A /* FurnaceTableViewCell.swift */,
				F15AD4391FFCE66400C6428A /* FurnaceTableViewCell.xib */,
				F111DE981FFD77B700AC16D9 /* EntryTableViewCell.swift */,
				F111DE991FFD77B700AC16D9 /* EntryTableViewCell.xib */,
			);
			path = TableViewCells;
			sourceTree = "<group>";
		};
		F15AD43E1FFCEC2000C6428A /* Models */ = {
			isa = PBXGroup;
			children = (
				F15AD46A1FFD11A500C6428A /* Entry.swift */,
			);
			path = Models;
			sourceTree = "<group>";
		};
		F15AD4431FFCF05600C6428A /* Stores */ = {
			isa = PBXGroup;
			children = (
				F15AD4441FFCF06D00C6428A /* FurnaceStore.swift */,
			);
			path = Stores;
			sourceTree = "<group>";
		};
		F1675EF81FFE227E00A66DEE /* TableViewHeaders */ = {
			isa = PBXGroup;
			children = (
				F1675EF91FFE22AD00A66DEE /* EntriesTableViewHeader.xib */,
				F1675EFB1FFE22CD00A66DEE /* EntriesTableViewHeader.swift */,
			);
			path = TableViewHeaders;
			sourceTree = "<group>";
		};
/* End PBXGroup section */

/* Begin PBXNativeTarget section */
		F15AD41D1FFCDC4A00C6428A /* MetalFurnaceApp */ = {
			isa = PBXNativeTarget;
			buildConfigurationList = F15AD4301FFCDC4A00C6428A /* Build configuration list for PBXNativeTarget "MetalFurnaceApp" */;
			buildPhases = (
				F15AD41A1FFCDC4A00C6428A /* Sources */,
				F15AD41B1FFCDC4A00C6428A /* Frameworks */,
				F15AD41C1FFCDC4A00C6428A /* Resources */,
			);
			buildRules = (
			);
			dependencies = (
			);
			name = MetalFurnaceApp;
			productName = MetalFurnaceApp;
			productReference = F15AD41E1FFCDC4A00C6428A /* MetalFurnaceApp.app */;
			productType = "com.apple.product-type.application";
		};
/* End PBXNativeTarget section */

/* Begin PBXProject section */
		F15AD4161FFCDC4A00C6428A /* Project object */ = {
			isa = PBXProject;
			attributes = {
				LastSwiftUpdateCheck = 0920;
				LastUpgradeCheck = 0920;
				ORGANIZATIONNAME = "Cihan Muradoglu";
				TargetAttributes = {
					F15AD41D1FFCDC4A00C6428A = {
						CreatedOnToolsVersion = 9.2;
						ProvisioningStyle = Manual;
					};
				};
			};
			buildConfigurationList = F15AD4191FFCDC4A00C6428A /* Build configuration list for PBXProject "MetalFurnaceApp" */;
			compatibilityVersion = "Xcode 8.0";
			developmentRegion = en;
			hasScannedForEncodings = 0;
			knownRegions = (
				en,
				Base,
			);
			mainGroup = F15AD4151FFCDC4A00C6428A;
			productRefGroup = F15AD41F1FFCDC4A00C6428A /* Products */;
			projectDirPath = "";
			projectRoot = "";
			targets = (
				F15AD41D1FFCDC4A00C6428A /* MetalFurnaceApp */,
			);
		};
/* End PBXProject section */

/* Begin PBXResourcesBuildPhase section */
		F15AD41C1FFCDC4A00C6428A /* Resources */ = {
			isa = PBXResourcesBuildPhase;
			buildActionMask = 2147483647;
			files = (
				F15AD43B1FFCE66400C6428A /* FurnaceTableViewCell.xib in Resources */,
				F1675EFA1FFE22AD00A66DEE /* EntriesTableViewHeader.xib in Resources */,
				F15AD42C1FFCDC4A00C6428A /* LaunchScreen.storyboard in Resources */,
				F111DE9B1FFD77B700AC16D9 /* EntryTableViewCell.xib in Resources */,
				F15AD4291FFCDC4A00C6428A /* Assets.xcassets in Resources */,
				F15AD4271FFCDC4A00C6428A /* Main.storyboard in Resources */,
			);
			runOnlyForDeploymentPostprocessing = 0;
		};
/* End PBXResourcesBuildPhase section */

/* Begin PBXSourcesBuildPhase section */
		F15AD41A1FFCDC4A00C6428A /* Sources */ = {
			isa = PBXSourcesBuildPhase;
			buildActionMask = 2147483647;
			files = (
				F111DE971FFD76DE00AC16D9 /* EntriesTableViewController.swift in Sources */,
				F15AD46B1FFD11A500C6428A /* Entry.swift in Sources */,
				F15AD4341FFCE62000C6428A /* FurnacesTableViewController.swift in Sources */,
				F15AD4451FFCF06D00C6428A /* FurnaceStore.swift in Sources */,
				F15AD4691FFD03F400C6428A /* MetalFurnaceApp.xcdatamodeld in Sources */,
				F1675F001FFE31C100A66DEE /* ScrapsTableViewController.swift in Sources */,
				F15AD4221FFCDC4A00C6428A /* AppDelegate.swift in Sources */,
				F111DE9A1FFD77B700AC16D9 /* EntryTableViewCell.swift in Sources */,
				F15AD43A1FFCE66400C6428A /* FurnaceTableViewCell.swift in Sources */,
				F15AD43D1FFCE8C000C6428A /* Constants.swift in Sources */,
				F1675EFE1FFE23C600A66DEE /* Extensions.swift in Sources */,
				F1675EFC1FFE22CD00A66DEE /* EntriesTableViewHeader.swift in Sources */,
			);
			runOnlyForDeploymentPostprocessing = 0;
		};
/* End PBXSourcesBuildPhase section */

/* Begin PBXVariantGroup section */
		F15AD4251FFCDC4A00C6428A /* Main.storyboard */ = {
			isa = PBXVariantGroup;
			children = (
				F15AD4261FFCDC4A00C6428A /* Base */,
			);
			name = Main.storyboard;
			sourceTree = "<group>";
		};
		F15AD42A1FFCDC4A00C6428A /* LaunchScreen.storyboard */ = {
			isa = PBXVariantGroup;
			children = (
				F15AD42B1FFCDC4A00C6428A /* Base */,
			);
			name = LaunchScreen.storyboard;
			sourceTree = "<group>";
		};
/* End PBXVariantGroup section */

/* Begin XCBuildConfiguration section */
		F15AD42E1FFCDC4A00C6428A /* Debug */ = {
			isa = XCBuildConfiguration;
			buildSettings = {
				ALWAYS_SEARCH_USER_PATHS = NO;
				CLANG_ANALYZER_NONNULL = YES;
				CLANG_ANALYZER_NUMBER_OBJECT_CONVERSION = YES_AGGRESSIVE;
				CLANG_CXX_LANGUAGE_STANDARD = "gnu++14";
				CLANG_CXX_LIBRARY = "libc++";
				CLANG_ENABLE_MODULES = YES;
				CLANG_ENABLE_OBJC_ARC = YES;
				CLANG_WARN_BLOCK_CAPTURE_AUTORELEASING = YES;
				CLANG_WARN_BOOL_CONVERSION = YES;
				CLANG_WARN_COMMA = YES;
				CLANG_WARN_CONSTANT_CONVERSION = YES;
				CLANG_WARN_DIRECT_OBJC_ISA_USAGE = YES_ERROR;
				CLANG_WARN_DOCUMENTATION_COMMENTS = YES;
				CLANG_WARN_EMPTY_BODY = YES;
				CLANG_WARN_ENUM_CONVERSION = YES;
				CLANG_WARN_INFINITE_RECURSION = YES;
				CLANG_WARN_INT_CONVERSION = YES;
				CLANG_WARN_NON_LITERAL_NULL_CONVERSION = YES;
				CLANG_WARN_OBJC_LITERAL_CONVERSION = YES;
				CLANG_WARN_OBJC_ROOT_CLASS = YES_ERROR;
				CLANG_WARN_RANGE_LOOP_ANALYSIS = YES;
				CLANG_WARN_STRICT_PROTOTYPES = YES;
				CLANG_WARN_SUSPICIOUS_MOVE = YES;
				CLANG_WARN_UNGUARDED_AVAILABILITY = YES_AGGRESSIVE;
				CLANG_WARN_UNREACHABLE_CODE = YES;
				CLANG_WARN__DUPLICATE_METHOD_MATCH = YES;
				CODE_SIGN_IDENTITY = "iPhone Developer";
				COPY_PHASE_STRIP = NO;
				DEBUG_INFORMATION_FORMAT = dwarf;
				ENABLE_STRICT_OBJC_MSGSEND = YES;
				ENABLE_TESTABILITY = YES;
				GCC_C_LANGUAGE_STANDARD = gnu11;
				GCC_DYNAMIC_NO_PIC = NO;
				GCC_NO_COMMON_BLOCKS = YES;
				GCC_OPTIMIZATION_LEVEL = 0;
				GCC_PREPROCESSOR_DEFINITIONS = (
					"DEBUG=1",
					"$(inherited)",
				);
				GCC_WARN_64_TO_32_BIT_CONVERSION = YES;
				GCC_WARN_ABOUT_RETURN_TYPE = YES_ERROR;
				GCC_WARN_UNDECLARED_SELECTOR = YES;
				GCC_WARN_UNINITIALIZED_AUTOS = YES_AGGRESSIVE;
				GCC_WARN_UNUSED_FUNCTION = YES;
				GCC_WARN_UNUSED_VARIABLE = YES;
				IPHONEOS_DEPLOYMENT_TARGET = 11.2;
				MTL_ENABLE_DEBUG_INFO = YES;
				ONLY_ACTIVE_ARCH = YES;
				SDKROOT = iphoneos;
				SWIFT_ACTIVE_COMPILATION_CONDITIONS = DEBUG;
				SWIFT_OPTIMIZATION_LEVEL = "-Onone";
			};
			name = Debug;
		};
		F15AD42F1FFCDC4A00C6428A /* Release */ = {
			isa = XCBuildConfiguration;
			buildSettings = {
				ALWAYS_SEARCH_USER_PATHS = NO;
				CLANG_ANALYZER_NONNULL = YES;
				CLANG_ANALYZER_NUMBER_OBJECT_CONVERSION = YES_AGGRESSIVE;
				CLANG_CXX_LANGUAGE_STANDARD = "gnu++14";
				CLANG_CXX_LIBRARY = "libc++";
				CLANG_ENABLE_MODULES = YES;
				CLANG_ENABLE_OBJC_ARC = YES;
				CLANG_WARN_BLOCK_CAPTURE_AUTORELEASING = YES;
				CLANG_WARN_BOOL_CONVERSION = YES;
				CLANG_WARN_COMMA = YES;
				CLANG_WARN_CONSTANT_CONVERSION = YES;
				CLANG_WARN_DIRECT_OBJC_ISA_USAGE = YES_ERROR;
				CLANG_WARN_DOCUMENTATION_COMMENTS = YES;
				CLANG_WARN_EMPTY_BODY = YES;
				CLANG_WARN_ENUM_CONVERSION = YES;
				CLANG_WARN_INFINITE_RECURSION = YES;
				CLANG_WARN_INT_CONVERSION = YES;
				CLANG_WARN_NON_LITERAL_NULL_CONVERSION = YES;
				CLANG_WARN_OBJC_LITERAL_CONVERSION = YES;
				CLANG_WARN_OBJC_ROOT_CLASS = YES_ERROR;
				CLANG_WARN_RANGE_LOOP_ANALYSIS = YES;
				CLANG_WARN_STRICT_PROTOTYPES = YES;
				CLANG_WARN_SUSPICIOUS_MOVE = YES;
				CLANG_WARN_UNGUARDED_AVAILABILITY = YES_AGGRESSIVE;
				CLANG_WARN_UNREACHABLE_CODE = YES;
				CLANG_WARN__DUPLICATE_METHOD_MATCH = YES;
				CODE_SIGN_IDENTITY = "iPhone Developer";
				COPY_PHASE_STRIP = NO;
				DEBUG_INFORMATION_FORMAT = "dwarf-with-dsym";
				ENABLE_NS_ASSERTIONS = NO;
				ENABLE_STRICT_OBJC_MSGSEND = YES;
				GCC_C_LANGUAGE_STANDARD = gnu11;
				GCC_NO_COMMON_BLOCKS = YES;
				GCC_WARN_64_TO_32_BIT_CONVERSION = YES;
				GCC_WARN_ABOUT_RETURN_TYPE = YES_ERROR;
				GCC_WARN_UNDECLARED_SELECTOR = YES;
				GCC_WARN_UNINITIALIZED_AUTOS = YES_AGGRESSIVE;
				GCC_WARN_UNUSED_FUNCTION = YES;
				GCC_WARN_UNUSED_VARIABLE = YES;
				IPHONEOS_DEPLOYMENT_TARGET = 11.2;
				MTL_ENABLE_DEBUG_INFO = NO;
				SDKROOT = iphoneos;
				SWIFT_OPTIMIZATION_LEVEL = "-Owholemodule";
				VALIDATE_PRODUCT = YES;
			};
			name = Release;
		};
		F15AD4311FFCDC4A00C6428A /* Debug */ = {
			isa = XCBuildConfiguration;
			buildSettings = {
				ASSETCATALOG_COMPILER_APPICON_NAME = AppIcon;
				CODE_SIGN_STYLE = Manual;
				DEVELOPMENT_TEAM = "";
				INFOPLIST_FILE = MetalFurnaceApp/Info.plist;
				IPHONEOS_DEPLOYMENT_TARGET = 10.3;
				LD_RUNPATH_SEARCH_PATHS = "$(inherited) @executable_path/Frameworks";
				PRODUCT_BUNDLE_IDENTIFIER = cihanMuradoglu.MetalFurnaceApp;
				PRODUCT_NAME = "$(TARGET_NAME)";
				PROVISIONING_PROFILE_SPECIFIER = "";
				SWIFT_VERSION = 4.0;
				TARGETED_DEVICE_FAMILY = "1,2";
			};
			name = Debug;
		};
		F15AD4321FFCDC4A00C6428A /* Release */ = {
			isa = XCBuildConfiguration;
			buildSettings = {
				ASSETCATALOG_COMPILER_APPICON_NAME = AppIcon;
				CODE_SIGN_STYLE = Manual;
				DEVELOPMENT_TEAM = "";
				INFOPLIST_FILE = MetalFurnaceApp/Info.plist;
				IPHONEOS_DEPLOYMENT_TARGET = 10.3;
				LD_RUNPATH_SEARCH_PATHS = "$(inherited) @executable_path/Frameworks";
				PRODUCT_BUNDLE_IDENTIFIER = cihanMuradoglu.MetalFurnaceApp;
				PRODUCT_NAME = "$(TARGET_NAME)";
				PROVISIONING_PROFILE_SPECIFIER = "";
				SWIFT_VERSION = 4.0;
				TARGETED_DEVICE_FAMILY = "1,2";
			};
			name = Release;
		};
/* End XCBuildConfiguration section */

/* Begin XCConfigurationList section */
		F15AD4191FFCDC4A00C6428A /* Build configuration list for PBXProject "MetalFurnaceApp" */ = {
			isa = XCConfigurationList;
			buildConfigurations = (
				F15AD42E1FFCDC4A00C6428A /* Debug */,
				F15AD42F1FFCDC4A00C6428A /* Release */,
			);
			defaultConfigurationIsVisible = 0;
			defaultConfigurationName = Release;
		};
		F15AD4301FFCDC4A00C6428A /* Build configuration list for PBXNativeTarget "MetalFurnaceApp" */ = {
			isa = XCConfigurationList;
			buildConfigurations = (
				F15AD4311FFCDC4A00C6428A /* Debug */,
				F15AD4321FFCDC4A00C6428A /* Release */,
			);
			defaultConfigurationIsVisible = 0;
			defaultConfigurationName = Release;
		};
/* End XCConfigurationList section */

/* Begin XCVersionGroup section */
		F15AD4671FFD03F400C6428A /* MetalFurnaceApp.xcdatamodeld */ = {
			isa = XCVersionGroup;
			children = (
				F15AD4681FFD03F400C6428A /* MetalFurnaceApp.xcdatamodel */,
			);
			currentVersion = F15AD4681FFD03F400C6428A /* MetalFurnaceApp.xcdatamodel */;
			path = MetalFurnaceApp.xcdatamodeld;
			sourceTree = "<group>";
			versionGroupType = wrapper.xcdatamodel;
		};
/* End XCVersionGroup section */
	};
	rootObject = F15AD4161FFCDC4A00C6428A /* Project object */;
}
